// !$*UTF8*$!
{
	archiveVersion = 1;
	classes = {
	};
	objectVersion = 50;
	objects = {

/* Begin PBXBuildFile section */
		192084C3221503310065813B /* OpenGlSimpleViewController.swift in Sources */ = {isa = PBXBuildFile; fileRef = 192084C2221503310065813B /* OpenGlSimpleViewController.swift */; };
		192084C72215039C0065813B /* OpenglSimpleDemo.cpp in Sources */ = {isa = PBXBuildFile; fileRef = 192084C52215039C0065813B /* OpenglSimpleDemo.cpp */; };
		192084CA221507860065813B /* OpenGLES.framework in Frameworks */ = {isa = PBXBuildFile; fileRef = 192084C9221507860065813B /* OpenGLES.framework */; };
		19441E9921523D9C00663E1D /* Spreadsheet.swift in Sources */ = {isa = PBXBuildFile; fileRef = 19441E9821523D9C00663E1D /* Spreadsheet.swift */; };
		194941E52148AC2B00D207A3 /* AppDelegate.swift in Sources */ = {isa = PBXBuildFile; fileRef = 194941E42148AC2B00D207A3 /* AppDelegate.swift */; };
		194941E72148AC2B00D207A3 /* ViewController.swift in Sources */ = {isa = PBXBuildFile; fileRef = 194941E62148AC2B00D207A3 /* ViewController.swift */; };
		194941EA2148AC2B00D207A3 /* Main.storyboard in Resources */ = {isa = PBXBuildFile; fileRef = 194941E82148AC2B00D207A3 /* Main.storyboard */; };
		194941EC2148AC2D00D207A3 /* Assets.xcassets in Resources */ = {isa = PBXBuildFile; fileRef = 194941EB2148AC2D00D207A3 /* Assets.xcassets */; };
		194941EF2148AC2D00D207A3 /* LaunchScreen.storyboard in Resources */ = {isa = PBXBuildFile; fileRef = 194941ED2148AC2D00D207A3 /* LaunchScreen.storyboard */; };
		194941FE2148EBDC00D207A3 /* Sequence.swift in Sources */ = {isa = PBXBuildFile; fileRef = 194941FD2148EBDC00D207A3 /* Sequence.swift */; };
		194942022148F22E00D207A3 /* Strategy.swift in Sources */ = {isa = PBXBuildFile; fileRef = 194942012148F22E00D207A3 /* Strategy.swift */; };
		194942062148F2AD00D207A3 /* ClosureStrategy.swift in Sources */ = {isa = PBXBuildFile; fileRef = 194942052148F2AD00D207A3 /* ClosureStrategy.swift */; };
		194942082148FE5B00D207A3 /* MultiplyStrategy.swift in Sources */ = {isa = PBXBuildFile; fileRef = 194942072148FE5B00D207A3 /* MultiplyStrategy.swift */; };
		1949420A21490E0600D207A3 /* StrategyViewController.swift in Sources */ = {isa = PBXBuildFile; fileRef = 1949420921490E0600D207A3 /* StrategyViewController.swift */; };
		1949420E2149150400D207A3 /* GeneralSequence.swift in Sources */ = {isa = PBXBuildFile; fileRef = 1949420D2149150400D207A3 /* GeneralSequence.swift */; };
		19494210214919FE00D207A3 /* NotStrategyViewController.swift in Sources */ = {isa = PBXBuildFile; fileRef = 1949420F214919FE00D207A3 /* NotStrategyViewController.swift */; };
		194C8E4F2149F23A005AF7AD /* TableViewTopScaleImageViewController.swift in Sources */ = {isa = PBXBuildFile; fileRef = 194C8E4E2149F23A005AF7AD /* TableViewTopScaleImageViewController.swift */; };
		194C8E522149F3F9005AF7AD /* CommConst.swift in Sources */ = {isa = PBXBuildFile; fileRef = 194C8E512149F3F9005AF7AD /* CommConst.swift */; };
		194C8E542149F8FF005AF7AD /* GlTableHeaderView.swift in Sources */ = {isa = PBXBuildFile; fileRef = 194C8E532149F8FF005AF7AD /* GlTableHeaderView.swift */; };
		194C8E58214A04D3005AF7AD /* UIViewExtension.swift in Sources */ = {isa = PBXBuildFile; fileRef = 194C8E57214A04D3005AF7AD /* UIViewExtension.swift */; };
		194C8E5B214A3395005AF7AD /* ICommand.swift in Sources */ = {isa = PBXBuildFile; fileRef = 194C8E5A214A3395005AF7AD /* ICommand.swift */; };
		194C8E5F214A3466005AF7AD /* Rceiver.swift in Sources */ = {isa = PBXBuildFile; fileRef = 194C8E5E214A3466005AF7AD /* Rceiver.swift */; };
		194C8E63214A3763005AF7AD /* Invoker.swift in Sources */ = {isa = PBXBuildFile; fileRef = 194C8E62214A3763005AF7AD /* Invoker.swift */; };
		194C8E65214A3826005AF7AD /* CommandViewController.swift in Sources */ = {isa = PBXBuildFile; fileRef = 194C8E64214A3826005AF7AD /* CommandViewController.swift */; };
		195BF7282150A669005A20ED /* GradientCommand.swift in Sources */ = {isa = PBXBuildFile; fileRef = 195BF7272150A669005A20ED /* GradientCommand.swift */; };
		197B4F192213FE110034055B /* ThrowExceptViewController.swift in Sources */ = {isa = PBXBuildFile; fileRef = 197B4F182213FE110034055B /* ThrowExceptViewController.swift */; };
		197B4F1C2213FE830034055B /* TEVendingMachine.swift in Sources */ = {isa = PBXBuildFile; fileRef = 197B4F1B2213FE830034055B /* TEVendingMachine.swift */; };
		212BB304242331BC00A3247F /* BlockViewController.swift in Sources */ = {isa = PBXBuildFile; fileRef = 212BB303242331BC00A3247F /* BlockViewController.swift */; };
		F7FC550C61730024213FB6CF /* Pods_GlSwiftStudyDemo.framework in Frameworks */ = {isa = PBXBuildFile; fileRef = B8A97B3446B4D80CFE4BC10B /* Pods_GlSwiftStudyDemo.framework */; };
/* End PBXBuildFile section */

/* Begin PBXFileReference section */
		192084C2221503310065813B /* OpenGlSimpleViewController.swift */ = {isa = PBXFileReference; lastKnownFileType = sourcecode.swift; path = OpenGlSimpleViewController.swift; sourceTree = "<group>"; };
		192084C42215039B0065813B /* GlSwiftStudyDemo-Bridging-Header.h */ = {isa = PBXFileReference; lastKnownFileType = sourcecode.c.h; path = "GlSwiftStudyDemo-Bridging-Header.h"; sourceTree = "<group>"; };
		192084C52215039C0065813B /* OpenglSimpleDemo.cpp */ = {isa = PBXFileReference; lastKnownFileType = sourcecode.cpp.cpp; path = OpenglSimpleDemo.cpp; sourceTree = "<group>"; };
		192084C62215039C0065813B /* OpenglSimpleDemo.hpp */ = {isa = PBXFileReference; lastKnownFileType = sourcecode.cpp.h; path = OpenglSimpleDemo.hpp; sourceTree = "<group>"; };
		192084C9221507860065813B /* OpenGLES.framework */ = {isa = PBXFileReference; lastKnownFileType = wrapper.framework; name = OpenGLES.framework; path = System/Library/Frameworks/OpenGLES.framework; sourceTree = SDKROOT; };
		19441E9821523D9C00663E1D /* Spreadsheet.swift */ = {isa = PBXFileReference; lastKnownFileType = sourcecode.swift; path = Spreadsheet.swift; sourceTree = "<group>"; };
		194941E12148AC2B00D207A3 /* GlSwiftStudyDemo.app */ = {isa = PBXFileReference; explicitFileType = wrapper.application; includeInIndex = 0; path = GlSwiftStudyDemo.app; sourceTree = BUILT_PRODUCTS_DIR; };
		194941E42148AC2B00D207A3 /* AppDelegate.swift */ = {isa = PBXFileReference; lastKnownFileType = sourcecode.swift; path = AppDelegate.swift; sourceTree = "<group>"; };
		194941E62148AC2B00D207A3 /* ViewController.swift */ = {isa = PBXFileReference; lastKnownFileType = sourcecode.swift; path = ViewController.swift; sourceTree = "<group>"; };
		194941E92148AC2B00D207A3 /* Base */ = {isa = PBXFileReference; lastKnownFileType = file.storyboard; name = Base; path = Base.lproj/Main.storyboard; sourceTree = "<group>"; };
		194941EB2148AC2D00D207A3 /* Assets.xcassets */ = {isa = PBXFileReference; lastKnownFileType = folder.assetcatalog; path = Assets.xcassets; sourceTree = "<group>"; };
		194941EE2148AC2D00D207A3 /* Base */ = {isa = PBXFileReference; lastKnownFileType = file.storyboard; name = Base; path = Base.lproj/LaunchScreen.storyboard; sourceTree = "<group>"; };
		194941F02148AC2D00D207A3 /* Info.plist */ = {isa = PBXFileReference; lastKnownFileType = text.plist.xml; path = Info.plist; sourceTree = "<group>"; };
		194941FD2148EBDC00D207A3 /* Sequence.swift */ = {isa = PBXFileReference; lastKnownFileType = sourcecode.swift; path = Sequence.swift; sourceTree = "<group>"; };
		194942012148F22E00D207A3 /* Strategy.swift */ = {isa = PBXFileReference; lastKnownFileType = sourcecode.swift; path = Strategy.swift; sourceTree = "<group>"; };
		194942052148F2AD00D207A3 /* ClosureStrategy.swift */ = {isa = PBXFileReference; lastKnownFileType = sourcecode.swift; path = ClosureStrategy.swift; sourceTree = "<group>"; };
		194942072148FE5B00D207A3 /* MultiplyStrategy.swift */ = {isa = PBXFileReference; lastKnownFileType = sourcecode.swift; path = MultiplyStrategy.swift; sourceTree = "<group>"; };
		1949420921490E0600D207A3 /* StrategyViewController.swift */ = {isa = PBXFileReference; lastKnownFileType = sourcecode.swift; path = StrategyViewController.swift; sourceTree = "<group>"; };
		1949420D2149150400D207A3 /* GeneralSequence.swift */ = {isa = PBXFileReference; lastKnownFileType = sourcecode.swift; path = GeneralSequence.swift; sourceTree = "<group>"; };
		1949420F214919FE00D207A3 /* NotStrategyViewController.swift */ = {isa = PBXFileReference; lastKnownFileType = sourcecode.swift; path = NotStrategyViewController.swift; sourceTree = "<group>"; };
		194C8E4E2149F23A005AF7AD /* TableViewTopScaleImageViewController.swift */ = {isa = PBXFileReference; lastKnownFileType = sourcecode.swift; path = TableViewTopScaleImageViewController.swift; sourceTree = "<group>"; };
		194C8E512149F3F9005AF7AD /* CommConst.swift */ = {isa = PBXFileReference; lastKnownFileType = sourcecode.swift; path = CommConst.swift; sourceTree = "<group>"; };
		194C8E532149F8FF005AF7AD /* GlTableHeaderView.swift */ = {isa = PBXFileReference; lastKnownFileType = sourcecode.swift; path = GlTableHeaderView.swift; sourceTree = "<group>"; };
		194C8E57214A04D3005AF7AD /* UIViewExtension.swift */ = {isa = PBXFileReference; lastKnownFileType = sourcecode.swift; path = UIViewExtension.swift; sourceTree = "<group>"; };
		194C8E5A214A3395005AF7AD /* ICommand.swift */ = {isa = PBXFileReference; lastKnownFileType = sourcecode.swift; path = ICommand.swift; sourceTree = "<group>"; };
		194C8E5E214A3466005AF7AD /* Rceiver.swift */ = {isa = PBXFileReference; lastKnownFileType = sourcecode.swift; path = Rceiver.swift; sourceTree = "<group>"; };
		194C8E62214A3763005AF7AD /* Invoker.swift */ = {isa = PBXFileReference; lastKnownFileType = sourcecode.swift; path = Invoker.swift; sourceTree = "<group>"; };
		194C8E64214A3826005AF7AD /* CommandViewController.swift */ = {isa = PBXFileReference; lastKnownFileType = sourcecode.swift; path = CommandViewController.swift; sourceTree = "<group>"; };
		195BF7272150A669005A20ED /* GradientCommand.swift */ = {isa = PBXFileReference; lastKnownFileType = sourcecode.swift; path = GradientCommand.swift; sourceTree = "<group>"; };
		197B4F182213FE110034055B /* ThrowExceptViewController.swift */ = {isa = PBXFileReference; lastKnownFileType = sourcecode.swift; path = ThrowExceptViewController.swift; sourceTree = "<group>"; };
		197B4F1B2213FE830034055B /* TEVendingMachine.swift */ = {isa = PBXFileReference; lastKnownFileType = sourcecode.swift; path = TEVendingMachine.swift; sourceTree = "<group>"; };
		212BB303242331BC00A3247F /* BlockViewController.swift */ = {isa = PBXFileReference; lastKnownFileType = sourcecode.swift; path = BlockViewController.swift; sourceTree = "<group>"; };
		35B3C2B59D34E8E2C4D4E85A /* Pods-GlSwiftStudyDemo.release.xcconfig */ = {isa = PBXFileReference; includeInIndex = 1; lastKnownFileType = text.xcconfig; name = "Pods-GlSwiftStudyDemo.release.xcconfig"; path = "Target Support Files/Pods-GlSwiftStudyDemo/Pods-GlSwiftStudyDemo.release.xcconfig"; sourceTree = "<group>"; };
		B8A97B3446B4D80CFE4BC10B /* Pods_GlSwiftStudyDemo.framework */ = {isa = PBXFileReference; explicitFileType = wrapper.framework; includeInIndex = 0; path = Pods_GlSwiftStudyDemo.framework; sourceTree = BUILT_PRODUCTS_DIR; };
		BB15E6984E2332E05CB86C17 /* Pods-GlSwiftStudyDemo.debug.xcconfig */ = {isa = PBXFileReference; includeInIndex = 1; lastKnownFileType = text.xcconfig; name = "Pods-GlSwiftStudyDemo.debug.xcconfig"; path = "Target Support Files/Pods-GlSwiftStudyDemo/Pods-GlSwiftStudyDemo.debug.xcconfig"; sourceTree = "<group>"; };
/* End PBXFileReference section */

/* Begin PBXFrameworksBuildPhase section */
		194941DE2148AC2B00D207A3 /* Frameworks */ = {
			isa = PBXFrameworksBuildPhase;
			buildActionMask = 2147483647;
			files = (
				192084CA221507860065813B /* OpenGLES.framework in Frameworks */,
				F7FC550C61730024213FB6CF /* Pods_GlSwiftStudyDemo.framework in Frameworks */,
			);
			runOnlyForDeploymentPostprocessing = 0;
		};
/* End PBXFrameworksBuildPhase section */

/* Begin PBXGroup section */
		192084C1221503020065813B /* OpenGl */ = {
			isa = PBXGroup;
			children = (
				192084C2221503310065813B /* OpenGlSimpleViewController.swift */,
				192084C52215039C0065813B /* OpenglSimpleDemo.cpp */,
				192084C62215039C0065813B /* OpenglSimpleDemo.hpp */,
				192084C42215039B0065813B /* GlSwiftStudyDemo-Bridging-Header.h */,
			);
			path = OpenGl;
			sourceTree = "<group>";
		};
		192084C8221507860065813B /* Frameworks */ = {
			isa = PBXGroup;
			children = (
				192084C9221507860065813B /* OpenGLES.framework */,
				B8A97B3446B4D80CFE4BC10B /* Pods_GlSwiftStudyDemo.framework */,
			);
			name = Frameworks;
			sourceTree = "<group>";
		};
		19441E9721523D2E00663E1D /* FlyweightModule */ = {
			isa = PBXGroup;
			children = (
				19441E9821523D9C00663E1D /* Spreadsheet.swift */,
			);
			path = FlyweightModule;
			sourceTree = "<group>";
		};
		194941D82148AC2B00D207A3 = {
			isa = PBXGroup;
			children = (
				194941E32148AC2B00D207A3 /* GlSwiftStudyDemo */,
				194941E22148AC2B00D207A3 /* Products */,
				192084C8221507860065813B /* Frameworks */,
				5678E22C97815EF1D5315559 /* Pods */,
			);
			sourceTree = "<group>";
		};
		194941E22148AC2B00D207A3 /* Products */ = {
			isa = PBXGroup;
			children = (
				194941E12148AC2B00D207A3 /* GlSwiftStudyDemo.app */,
			);
			name = Products;
			sourceTree = "<group>";
		};
		194941E32148AC2B00D207A3 /* GlSwiftStudyDemo */ = {
			isa = PBXGroup;
			children = (
				192084C1221503020065813B /* OpenGl */,
				19441E9721523D2E00663E1D /* FlyweightModule */,
				194C8E59214A32F0005AF7AD /* CmdModule */,
				194C8E502149F3AE005AF7AD /* Comm */,
				194C8E4D2149EA4A005AF7AD /* TableModule */,
				1949420B21490E3500D207A3 /* StrategyModule */,
				194941E42148AC2B00D207A3 /* AppDelegate.swift */,
				194941E62148AC2B00D207A3 /* ViewController.swift */,
				194941E82148AC2B00D207A3 /* Main.storyboard */,
				194941EB2148AC2D00D207A3 /* Assets.xcassets */,
				194941ED2148AC2D00D207A3 /* LaunchScreen.storyboard */,
				194941F02148AC2D00D207A3 /* Info.plist */,
			);
			path = GlSwiftStudyDemo;
			sourceTree = "<group>";
		};
		1949420B21490E3500D207A3 /* StrategyModule */ = {
			isa = PBXGroup;
			children = (
				1949420C2149144600D207A3 /* GeneralSolution */,
				194941FD2148EBDC00D207A3 /* Sequence.swift */,
				194942012148F22E00D207A3 /* Strategy.swift */,
				194942052148F2AD00D207A3 /* ClosureStrategy.swift */,
				194942072148FE5B00D207A3 /* MultiplyStrategy.swift */,
				1949420921490E0600D207A3 /* StrategyViewController.swift */,
			);
			path = StrategyModule;
			sourceTree = "<group>";
		};
		1949420C2149144600D207A3 /* GeneralSolution */ = {
			isa = PBXGroup;
			children = (
				1949420D2149150400D207A3 /* GeneralSequence.swift */,
				1949420F214919FE00D207A3 /* NotStrategyViewController.swift */,
			);
			path = GeneralSolution;
			sourceTree = "<group>";
		};
		194C8E4D2149EA4A005AF7AD /* TableModule */ = {
			isa = PBXGroup;
			children = (
				194C8E4E2149F23A005AF7AD /* TableViewTopScaleImageViewController.swift */,
				194C8E532149F8FF005AF7AD /* GlTableHeaderView.swift */,
			);
			path = TableModule;
			sourceTree = "<group>";
		};
		194C8E502149F3AE005AF7AD /* Comm */ = {
			isa = PBXGroup;
			children = (
				212BB3022423318800A3247F /* BaseGrammar */,
				197B4F1A2213FE5C0034055B /* ThrowException */,
				194C8E56214A04AD005AF7AD /* Extension */,
				194C8E512149F3F9005AF7AD /* CommConst.swift */,
			);
			path = Comm;
			sourceTree = "<group>";
		};
		194C8E56214A04AD005AF7AD /* Extension */ = {
			isa = PBXGroup;
			children = (
				194C8E57214A04D3005AF7AD /* UIViewExtension.swift */,
			);
			path = Extension;
			sourceTree = "<group>";
		};
		194C8E59214A32F0005AF7AD /* CmdModule */ = {
			isa = PBXGroup;
			children = (
				194C8E5A214A3395005AF7AD /* ICommand.swift */,
				194C8E5E214A3466005AF7AD /* Rceiver.swift */,
				194C8E62214A3763005AF7AD /* Invoker.swift */,
				194C8E64214A3826005AF7AD /* CommandViewController.swift */,
				195BF7272150A669005A20ED /* GradientCommand.swift */,
			);
			path = CmdModule;
			sourceTree = "<group>";
		};
		197B4F1A2213FE5C0034055B /* ThrowException */ = {
			isa = PBXGroup;
			children = (
				197B4F182213FE110034055B /* ThrowExceptViewController.swift */,
				197B4F1B2213FE830034055B /* TEVendingMachine.swift */,
			);
			path = ThrowException;
			sourceTree = "<group>";
		};
		212BB3022423318800A3247F /* BaseGrammar */ = {
			isa = PBXGroup;
			children = (
				212BB303242331BC00A3247F /* BlockViewController.swift */,
			);
			path = BaseGrammar;
			sourceTree = "<group>";
		};
		5678E22C97815EF1D5315559 /* Pods */ = {
			isa = PBXGroup;
			children = (
				BB15E6984E2332E05CB86C17 /* Pods-GlSwiftStudyDemo.debug.xcconfig */,
				35B3C2B59D34E8E2C4D4E85A /* Pods-GlSwiftStudyDemo.release.xcconfig */,
			);
			name = Pods;
			path = Pods;
			sourceTree = "<group>";
		};
/* End PBXGroup section */

/* Begin PBXNativeTarget section */
		194941E02148AC2B00D207A3 /* GlSwiftStudyDemo */ = {
			isa = PBXNativeTarget;
			buildConfigurationList = 194941F32148AC2D00D207A3 /* Build configuration list for PBXNativeTarget "GlSwiftStudyDemo" */;
			buildPhases = (
				D2C6FC434D76AD45E3C397AD /* [CP] Check Pods Manifest.lock */,
				194941DD2148AC2B00D207A3 /* Sources */,
				194941DE2148AC2B00D207A3 /* Frameworks */,
				194941DF2148AC2B00D207A3 /* Resources */,
				EBDE19ACA4913D56AA4255FD /* [CP] Embed Pods Frameworks */,
			);
			buildRules = (
			);
			dependencies = (
			);
			name = GlSwiftStudyDemo;
			productName = GlSwiftStudyDemo;
			productReference = 194941E12148AC2B00D207A3 /* GlSwiftStudyDemo.app */;
			productType = "com.apple.product-type.application";
		};
/* End PBXNativeTarget section */

/* Begin PBXProject section */
		194941D92148AC2B00D207A3 /* Project object */ = {
			isa = PBXProject;
			attributes = {
				LastSwiftUpdateCheck = 0940;
				LastUpgradeCheck = 0940;
				ORGANIZATIONNAME = gleeeli;
				TargetAttributes = {
					194941E02148AC2B00D207A3 = {
						CreatedOnToolsVersion = 9.4.1;
						LastSwiftMigration = 1000;
					};
				};
			};
			buildConfigurationList = 194941DC2148AC2B00D207A3 /* Build configuration list for PBXProject "GlSwiftStudyDemo" */;
			compatibilityVersion = "Xcode 9.3";
			developmentRegion = en;
			hasScannedForEncodings = 0;
			knownRegions = (
				en,
				Base,
			);
			mainGroup = 194941D82148AC2B00D207A3;
			productRefGroup = 194941E22148AC2B00D207A3 /* Products */;
			projectDirPath = "";
			projectRoot = "";
			targets = (
				194941E02148AC2B00D207A3 /* GlSwiftStudyDemo */,
			);
		};
/* End PBXProject section */

/* Begin PBXResourcesBuildPhase section */
		194941DF2148AC2B00D207A3 /* Resources */ = {
			isa = PBXResourcesBuildPhase;
			buildActionMask = 2147483647;
			files = (
				194941EF2148AC2D00D207A3 /* LaunchScreen.storyboard in Resources */,
				194941EC2148AC2D00D207A3 /* Assets.xcassets in Resources */,
				194941EA2148AC2B00D207A3 /* Main.storyboard in Resources */,
			);
			runOnlyForDeploymentPostprocessing = 0;
		};
/* End PBXResourcesBuildPhase section */

/* Begin PBXShellScriptBuildPhase section */
		D2C6FC434D76AD45E3C397AD /* [CP] Check Pods Manifest.lock */ = {
			isa = PBXShellScriptBuildPhase;
			buildActionMask = 2147483647;
			files = (
			);
			inputFileListPaths = (
			);
			inputPaths = (
				"${PODS_PODFILE_DIR_PATH}/Podfile.lock",
				"${PODS_ROOT}/Manifest.lock",
			);
			name = "[CP] Check Pods Manifest.lock";
			outputFileListPaths = (
			);
			outputPaths = (
				"$(DERIVED_FILE_DIR)/Pods-GlSwiftStudyDemo-checkManifestLockResult.txt",
			);
			runOnlyForDeploymentPostprocessing = 0;
			shellPath = /bin/sh;
			shellScript = "diff \"${PODS_PODFILE_DIR_PATH}/Podfile.lock\" \"${PODS_ROOT}/Manifest.lock\" > /dev/null\nif [ $? != 0 ] ; then\n    # print error to STDERR\n    echo \"error: The sandbox is not in sync with the Podfile.lock. Run 'pod install' or update your CocoaPods installation.\" >&2\n    exit 1\nfi\n# This output is used by Xcode 'outputs' to avoid re-running this script phase.\necho \"SUCCESS\" > \"${SCRIPT_OUTPUT_FILE_0}\"\n";
			showEnvVarsInLog = 0;
		};
		EBDE19ACA4913D56AA4255FD /* [CP] Embed Pods Frameworks */ = {
			isa = PBXShellScriptBuildPhase;
			buildActionMask = 2147483647;
			files = (
			);
			inputFileListPaths = (
				"${PODS_ROOT}/Target Support Files/Pods-GlSwiftStudyDemo/Pods-GlSwiftStudyDemo-frameworks-${CONFIGURATION}-input-files.xcfilelist",
			);
			name = "[CP] Embed Pods Frameworks";
			outputFileListPaths = (
				"${PODS_ROOT}/Target Support Files/Pods-GlSwiftStudyDemo/Pods-GlSwiftStudyDemo-frameworks-${CONFIGURATION}-output-files.xcfilelist",
			);
			runOnlyForDeploymentPostprocessing = 0;
			shellPath = /bin/sh;
			shellScript = "\"${PODS_ROOT}/Target Support Files/Pods-GlSwiftStudyDemo/Pods-GlSwiftStudyDemo-frameworks.sh\"\n";
			showEnvVarsInLog = 0;
		};
/* End PBXShellScriptBuildPhase section */

/* Begin PBXSourcesBuildPhase section */
		194941DD2148AC2B00D207A3 /* Sources */ = {
			isa = PBXSourcesBuildPhase;
			buildActionMask = 2147483647;
			files = (
				194941E72148AC2B00D207A3 /* ViewController.swift in Sources */,
				192084C72215039C0065813B /* OpenglSimpleDemo.cpp in Sources */,
				194942022148F22E00D207A3 /* Strategy.swift in Sources */,
				194C8E65214A3826005AF7AD /* CommandViewController.swift in Sources */,
				194941E52148AC2B00D207A3 /* AppDelegate.swift in Sources */,
				194C8E4F2149F23A005AF7AD /* TableViewTopScaleImageViewController.swift in Sources */,
				1949420A21490E0600D207A3 /* StrategyViewController.swift in Sources */,
				197B4F192213FE110034055B /* ThrowExceptViewController.swift in Sources */,
				194C8E542149F8FF005AF7AD /* GlTableHeaderView.swift in Sources */,
				194C8E522149F3F9005AF7AD /* CommConst.swift in Sources */,
				195BF7282150A669005A20ED /* GradientCommand.swift in Sources */,
				194C8E63214A3763005AF7AD /* Invoker.swift in Sources */,
				194C8E5F214A3466005AF7AD /* Rceiver.swift in Sources */,
				197B4F1C2213FE830034055B /* TEVendingMachine.swift in Sources */,
				19441E9921523D9C00663E1D /* Spreadsheet.swift in Sources */,
				192084C3221503310065813B /* OpenGlSimpleViewController.swift in Sources */,
				19494210214919FE00D207A3 /* NotStrategyViewController.swift in Sources */,
				194942082148FE5B00D207A3 /* MultiplyStrategy.swift in Sources */,
				194C8E58214A04D3005AF7AD /* UIViewExtension.swift in Sources */,
				194941FE2148EBDC00D207A3 /* Sequence.swift in Sources */,
				194942062148F2AD00D207A3 /* ClosureStrategy.swift in Sources */,
				1949420E2149150400D207A3 /* GeneralSequence.swift in Sources */,
				212BB304242331BC00A3247F /* BlockViewController.swift in Sources */,
				194C8E5B214A3395005AF7AD /* ICommand.swift in Sources */,
			);
			runOnlyForDeploymentPostprocessing = 0;
		};
/* End PBXSourcesBuildPhase section */

/* Begin PBXVariantGroup section */
		194941E82148AC2B00D207A3 /* Main.storyboard */ = {
			isa = PBXVariantGroup;
			children = (
				194941E92148AC2B00D207A3 /* Base */,
			);
			name = Main.storyboard;
			sourceTree = "<group>";
		};
		194941ED2148AC2D00D207A3 /* LaunchScreen.storyboard */ = {
			isa = PBXVariantGroup;
			children = (
				194941EE2148AC2D00D207A3 /* Base */,
			);
			name = LaunchScreen.storyboard;
			sourceTree = "<group>";
		};
/* End PBXVariantGroup section */

/* Begin XCBuildConfiguration section */
		194941F12148AC2D00D207A3 /* Debug */ = {
			isa = XCBuildConfiguration;
			buildSettings = {
				ALWAYS_SEARCH_USER_PATHS = NO;
				CLANG_ANALYZER_NONNULL = YES;
				CLANG_ANALYZER_NUMBER_OBJECT_CONVERSION = YES_AGGRESSIVE;
				CLANG_CXX_LANGUAGE_STANDARD = "gnu++14";
				CLANG_CXX_LIBRARY = "libc++";
				CLANG_ENABLE_MODULES = YES;
				CLANG_ENABLE_OBJC_ARC = YES;
				CLANG_ENABLE_OBJC_WEAK = YES;
				CLANG_WARN_BLOCK_CAPTURE_AUTORELEASING = YES;
				CLANG_WARN_BOOL_CONVERSION = YES;
				CLANG_WARN_COMMA = YES;
				CLANG_WARN_CONSTANT_CONVERSION = YES;
				CLANG_WARN_DEPRECATED_OBJC_IMPLEMENTATIONS = YES;
				CLANG_WARN_DIRECT_OBJC_ISA_USAGE = YES_ERROR;
				CLANG_WARN_DOCUMENTATION_COMMENTS = YES;
				CLANG_WARN_EMPTY_BODY = YES;
				CLANG_WARN_ENUM_CONVERSION = YES;
				CLANG_WARN_INFINITE_RECURSION = YES;
				CLANG_WARN_INT_CONVERSION = YES;
				CLANG_WARN_NON_LITERAL_NULL_CONVERSION = YES;
				CLANG_WARN_OBJC_IMPLICIT_RETAIN_SELF = YES;
				CLANG_WARN_OBJC_LITERAL_CONVERSION = YES;
				CLANG_WARN_OBJC_ROOT_CLASS = YES_ERROR;
				CLANG_WARN_RANGE_LOOP_ANALYSIS = YES;
				CLANG_WARN_STRICT_PROTOTYPES = YES;
				CLANG_WARN_SUSPICIOUS_MOVE = YES;
				CLANG_WARN_UNGUARDED_AVAILABILITY = YES_AGGRESSIVE;
				CLANG_WARN_UNREACHABLE_CODE = YES;
				CLANG_WARN__DUPLICATE_METHOD_MATCH = YES;
				CODE_SIGN_IDENTITY = "iPhone Developer";
				COPY_PHASE_STRIP = NO;
				DEBUG_INFORMATION_FORMAT = dwarf;
				ENABLE_STRICT_OBJC_MSGSEND = YES;
				ENABLE_TESTABILITY = YES;
				GCC_C_LANGUAGE_STANDARD = gnu11;
				GCC_DYNAMIC_NO_PIC = NO;
				GCC_NO_COMMON_BLOCKS = YES;
				GCC_OPTIMIZATION_LEVEL = 0;
				GCC_PREPROCESSOR_DEFINITIONS = (
					"DEBUG=1",
					"$(inherited)",
				);
				GCC_WARN_64_TO_32_BIT_CONVERSION = YES;
				GCC_WARN_ABOUT_RETURN_TYPE = YES_ERROR;
				GCC_WARN_UNDECLARED_SELECTOR = YES;
				GCC_WARN_UNINITIALIZED_AUTOS = YES_AGGRESSIVE;
				GCC_WARN_UNUSED_FUNCTION = YES;
				GCC_WARN_UNUSED_VARIABLE = YES;
				IPHONEOS_DEPLOYMENT_TARGET = 11.4;
				MTL_ENABLE_DEBUG_INFO = YES;
				ONLY_ACTIVE_ARCH = YES;
				SDKROOT = iphoneos;
				SWIFT_ACTIVE_COMPILATION_CONDITIONS = DEBUG;
				SWIFT_OPTIMIZATION_LEVEL = "-Onone";
			};
			name = Debug;
		};
		194941F22148AC2D00D207A3 /* Release */ = {
			isa = XCBuildConfiguration;
			buildSettings = {
				ALWAYS_SEARCH_USER_PATHS = NO;
				CLANG_ANALYZER_NONNULL = YES;
				CLANG_ANALYZER_NUMBER_OBJECT_CONVERSION = YES_AGGRESSIVE;
				CLANG_CXX_LANGUAGE_STANDARD = "gnu++14";
				CLANG_CXX_LIBRARY = "libc++";
				CLANG_ENABLE_MODULES = YES;
				CLANG_ENABLE_OBJC_ARC = YES;
				CLANG_ENABLE_OBJC_WEAK = YES;
				CLANG_WARN_BLOCK_CAPTURE_AUTORELEASING = YES;
				CLANG_WARN_BOOL_CONVERSION = YES;
				CLANG_WARN_COMMA = YES;
				CLANG_WARN_CONSTANT_CONVERSION = YES;
				CLANG_WARN_DEPRECATED_OBJC_IMPLEMENTATIONS = YES;
				CLANG_WARN_DIRECT_OBJC_ISA_USAGE = YES_ERROR;
				CLANG_WARN_DOCUMENTATION_COMMENTS = YES;
				CLANG_WARN_EMPTY_BODY = YES;
				CLANG_WARN_ENUM_CONVERSION = YES;
				CLANG_WARN_INFINITE_RECURSION = YES;
				CLANG_WARN_INT_CONVERSION = YES;
				CLANG_WARN_NON_LITERAL_NULL_CONVERSION = YES;
				CLANG_WARN_OBJC_IMPLICIT_RETAIN_SELF = YES;
				CLANG_WARN_OBJC_LITERAL_CONVERSION = YES;
				CLANG_WARN_OBJC_ROOT_CLASS = YES_ERROR;
				CLANG_WARN_RANGE_LOOP_ANALYSIS = YES;
				CLANG_WARN_STRICT_PROTOTYPES = YES;
				CLANG_WARN_SUSPICIOUS_MOVE = YES;
				CLANG_WARN_UNGUARDED_AVAILABILITY = YES_AGGRESSIVE;
				CLANG_WARN_UNREACHABLE_CODE = YES;
				CLANG_WARN__DUPLICATE_METHOD_MATCH = YES;
				CODE_SIGN_IDENTITY = "iPhone Developer";
				COPY_PHASE_STRIP = NO;
				DEBUG_INFORMATION_FORMAT = "dwarf-with-dsym";
				ENABLE_NS_ASSERTIONS = NO;
				ENABLE_STRICT_OBJC_MSGSEND = YES;
				GCC_C_LANGUAGE_STANDARD = gnu11;
				GCC_NO_COMMON_BLOCKS = YES;
				GCC_WARN_64_TO_32_BIT_CONVERSION = YES;
				GCC_WARN_ABOUT_RETURN_TYPE = YES_ERROR;
				GCC_WARN_UNDECLARED_SELECTOR = YES;
				GCC_WARN_UNINITIALIZED_AUTOS = YES_AGGRESSIVE;
				GCC_WARN_UNUSED_FUNCTION = YES;
				GCC_WARN_UNUSED_VARIABLE = YES;
				IPHONEOS_DEPLOYMENT_TARGET = 11.4;
				MTL_ENABLE_DEBUG_INFO = NO;
				SDKROOT = iphoneos;
				SWIFT_COMPILATION_MODE = wholemodule;
				SWIFT_OPTIMIZATION_LEVEL = "-O";
				VALIDATE_PRODUCT = YES;
			};
			name = Release;
		};
		194941F42148AC2D00D207A3 /* Debug */ = {
			isa = XCBuildConfiguration;
			baseConfigurationReference = BB15E6984E2332E05CB86C17 /* Pods-GlSwiftStudyDemo.debug.xcconfig */;
			buildSettings = {
				ASSETCATALOG_COMPILER_APPICON_NAME = AppIcon;
				CLANG_ENABLE_MODULES = YES;
				CODE_SIGN_STYLE = Automatic;
				INFOPLIST_FILE = GlSwiftStudyDemo/Info.plist;
				LD_RUNPATH_SEARCH_PATHS = (
					"$(inherited)",
					"@executable_path/Frameworks",
				);
				PRODUCT_BUNDLE_IDENTIFIER = gleeeli.GlSwiftStudyDemo;
				PRODUCT_NAME = "$(TARGET_NAME)";
				SWIFT_OBJC_BRIDGING_HEADER = "GlSwiftStudyDemo/OpenGl/GlSwiftStudyDemo-Bridging-Header.h";
				SWIFT_OPTIMIZATION_LEVEL = "-Onone";
				SWIFT_VERSION = 4.0;
				TARGETED_DEVICE_FAMILY = "1,2";
			};
			name = Debug;
		};
		194941F52148AC2D00D207A3 /* Release */ = {
			isa = XCBuildConfiguration;
			baseConfigurationReference = 35B3C2B59D34E8E2C4D4E85A /* Pods-GlSwiftStudyDemo.release.xcconfig */;
			buildSettings = {
				ASSETCATALOG_COMPILER_APPICON_NAME = AppIcon;
				CLANG_ENABLE_MODULES = YES;
				CODE_SIGN_STYLE = Automatic;
				INFOPLIST_FILE = GlSwiftStudyDemo/Info.plist;
				LD_RUNPATH_SEARCH_PATHS = (
					"$(inherited)",
					"@executable_path/Frameworks",
				);
				PRODUCT_BUNDLE_IDENTIFIER = gleeeli.GlSwiftStudyDemo;
				PRODUCT_NAME = "$(TARGET_NAME)";
				SWIFT_OBJC_BRIDGING_HEADER = "GlSwiftStudyDemo/OpenGl/GlSwiftStudyDemo-Bridging-Header.h";
				SWIFT_VERSION = 4.0;
				TARGETED_DEVICE_FAMILY = "1,2";
			};
			name = Release;
		};
/* End XCBuildConfiguration section */

/* Begin XCConfigurationList section */
		194941DC2148AC2B00D207A3 /* Build configuration list for PBXProject "GlSwiftStudyDemo" */ = {
			isa = XCConfigurationList;
			buildConfigurations = (
				194941F12148AC2D00D207A3 /* Debug */,
				194941F22148AC2D00D207A3 /* Release */,
			);
			defaultConfigurationIsVisible = 0;
			defaultConfigurationName = Release;
		};
		194941F32148AC2D00D207A3 /* Build configuration list for PBXNativeTarget "GlSwiftStudyDemo" */ = {
			isa = XCConfigurationList;
			buildConfigurations = (
				194941F42148AC2D00D207A3 /* Debug */,
				194941F52148AC2D00D207A3 /* Release */,
			);
			defaultConfigurationIsVisible = 0;
			defaultConfigurationName = Release;
		};
/* End XCConfigurationList section */
	};
	rootObject = 194941D92148AC2B00D207A3 /* Project object */;
}
